
Microsoft Visual Studio Solution File, Format Version 12.00
# Visual Studio Version 17
VisualStudioVersion = 17.12.35707.178
MinimumVisualStudioVersion = 10.0.40219.1
Project("{FAE04EC0-301F-11D3-BF4B-00C04F79EFBC}") = "hastane.Server", "BlazorApp-empty1\Server\hastane.Server.csproj", "{95949181-7471-410B-A79D-FAB06938CB3B}"
EndProject
Project("{FAE04EC0-301F-11D3-BF4B-00C04F79EFBC}") = "hastane.Client", "BlazorApp-empty1\Client\hastane.Client.csproj", "{FBDA16AB-50A7-442F-BD87-3C0E625FF5B8}"
EndProject
Project("{FAE04EC0-301F-11D3-BF4B-00C04F79EFBC}") = "hastane.Shared", "BlazorApp-empty1\Shared\hastane.Shared.csproj", "{2C9DEFF7-AFB2-4415-8A11-AE0C0F084653}"
EndProject
Global
	GlobalSection(SolutionConfigurationPlatforms) = preSolution
		Debug|Any CPU = Debug|Any CPU
		Release|Any CPU = Release|Any CPU
	EndGlobalSection
	GlobalSection(ProjectConfigurationPlatforms) = postSolution
		{95949181-7471-410B-A79D-FAB06938CB3B}.Debug|Any CPU.ActiveCfg = Debug|Any CPU
		{95949181-7471-410B-A79D-FAB06938CB3B}.Debug|Any CPU.Build.0 = Debug|Any CPU
		{95949181-7471-410B-A79D-FAB06938CB3B}.Release|Any CPU.ActiveCfg = Release|Any CPU
		{95949181-7471-410B-A79D-FAB06938CB3B}.Release|Any CPU.Build.0 = Release|Any CPU
		{FBDA16AB-50A7-442F-BD87-3C0E625FF5B8}.Debug|Any CPU.ActiveCfg = Debug|Any CPU
		{FBDA16AB-50A7-442F-BD87-3C0E625FF5B8}.Debug|Any CPU.Build.0 = Debug|Any CPU
		{FBDA16AB-50A7-442F-BD87-3C0E625FF5B8}.Release|Any CPU.ActiveCfg = Release|Any CPU
		{FBDA16AB-50A7-442F-BD87-3C0E625FF5B8}.Release|Any CPU.Build.0 = Release|Any CPU
		{2C9DEFF7-AFB2-4415-8A11-AE0C0F084653}.Debug|Any CPU.ActiveCfg = Debug|Any CPU
		{2C9DEFF7-AFB2-4415-8A11-AE0C0F084653}.Debug|Any CPU.Build.0 = Debug|Any CPU
		{2C9DEFF7-AFB2-4415-8A11-AE0C0F084653}.Release|Any CPU.ActiveCfg = Release|Any CPU
		{2C9DEFF7-AFB2-4415-8A11-AE0C0F084653}.Release|Any CPU.Build.0 = Release|Any CPU
	EndGlobalSection
	GlobalSection(SolutionProperties) = preSolution
		HideSolutionNode = FALSE
	EndGlobalSection
EndGlobal
